// !$*UTF8*$!
{
	archiveVersion = 1;
	classes = {
	};
	objectVersion = 55;
	objects = {

/* Begin PBXBuildFile section */
		6363B6A4288618B100913C56 /* AppDelegate.swift in Sources */ = {isa = PBXBuildFile; fileRef = 6363B6A3288618B100913C56 /* AppDelegate.swift */; };
		6363B6A6288618B100913C56 /* SceneDelegate.swift in Sources */ = {isa = PBXBuildFile; fileRef = 6363B6A5288618B100913C56 /* SceneDelegate.swift */; };
		6363B6A8288618B100913C56 /* ViewController.swift in Sources */ = {isa = PBXBuildFile; fileRef = 6363B6A7288618B100913C56 /* ViewController.swift */; };
		6363B6AB288618B100913C56 /* Main.storyboard in Resources */ = {isa = PBXBuildFile; fileRef = 6363B6A9288618B100913C56 /* Main.storyboard */; };
		6363B6AE288618B100913C56 /* todolistapp.xcdatamodeld in Sources */ = {isa = PBXBuildFile; fileRef = 6363B6AC288618B100913C56 /* todolistapp.xcdatamodeld */; };
		6363B6B0288618B200913C56 /* Assets.xcassets in Resources */ = {isa = PBXBuildFile; fileRef = 6363B6AF288618B200913C56 /* Assets.xcassets */; };
		6363B6B3288618B200913C56 /* LaunchScreen.storyboard in Resources */ = {isa = PBXBuildFile; fileRef = 6363B6B1288618B200913C56 /* LaunchScreen.storyboard */; };
		6363B6BB28861A6B00913C56 /* ToDoTableViewController.swift in Sources */ = {isa = PBXBuildFile; fileRef = 6363B6BA28861A6B00913C56 /* ToDoTableViewController.swift */; };
		6363B6BD28861B0200913C56 /* ToDo.swift in Sources */ = {isa = PBXBuildFile; fileRef = 6363B6BC28861B0200913C56 /* ToDo.swift */; };
		6363B6BF288623A000913C56 /* AddToDoViewController.swift in Sources */ = {isa = PBXBuildFile; fileRef = 6363B6BE288623A000913C56 /* AddToDoViewController.swift */; };
		6363B6C12886289400913C56 /* CompleteToDoViewController.swift in Sources */ = {isa = PBXBuildFile; fileRef = 6363B6C02886289400913C56 /* CompleteToDoViewController.swift */; };
/* End PBXBuildFile section */

/* Begin PBXFileReference section */
		6363B6A0288618B100913C56 /* todolistapp.app */ = {isa = PBXFileReference; explicitFileType = wrapper.application; includeInIndex = 0; path = todolistapp.app; sourceTree = BUILT_PRODUCTS_DIR; };
		6363B6A3288618B100913C56 /* AppDelegate.swift */ = {isa = PBXFileReference; lastKnownFileType = sourcecode.swift; path = AppDelegate.swift; sourceTree = "<group>"; };
		6363B6A5288618B100913C56 /* SceneDelegate.swift */ = {isa = PBXFileReference; lastKnownFileType = sourcecode.swift; path = SceneDelegate.swift; sourceTree = "<group>"; };
		6363B6A7288618B100913C56 /* ViewController.swift */ = {isa = PBXFileReference; lastKnownFileType = sourcecode.swift; path = ViewController.swift; sourceTree = "<group>"; };
		6363B6AA288618B100913C56 /* Base */ = {isa = PBXFileReference; lastKnownFileType = file.storyboard; name = Base; path = Base.lproj/Main.storyboard; sourceTree = "<group>"; };
		6363B6AD288618B100913C56 /* todolistapp.xcdatamodel */ = {isa = PBXFileReference; lastKnownFileType = wrapper.xcdatamodel; path = todolistapp.xcdatamodel; sourceTree = "<group>"; };
		6363B6AF288618B200913C56 /* Assets.xcassets */ = {isa = PBXFileReference; lastKnownFileType = folder.assetcatalog; path = Assets.xcassets; sourceTree = "<group>"; };
		6363B6B2288618B200913C56 /* Base */ = {isa = PBXFileReference; lastKnownFileType = file.storyboard; name = Base; path = Base.lproj/LaunchScreen.storyboard; sourceTree = "<group>"; };
		6363B6B4288618B200913C56 /* Info.plist */ = {isa = PBXFileReference; lastKnownFileType = text.plist.xml; path = Info.plist; sourceTree = "<group>"; };
		6363B6BA28861A6B00913C56 /* ToDoTableViewController.swift */ = {isa = PBXFileReference; lastKnownFileType = sourcecode.swift; path = ToDoTableViewController.swift; sourceTree = "<group>"; };
		6363B6BC28861B0200913C56 /* ToDo.swift */ = {isa = PBXFileReference; lastKnownFileType = sourcecode.swift; path = ToDo.swift; sourceTree = "<group>"; };
		6363B6BE288623A000913C56 /* AddToDoViewController.swift */ = {isa = PBXFileReference; lastKnownFileType = sourcecode.swift; path = AddToDoViewController.swift; sourceTree = "<group>"; };
		6363B6C02886289400913C56 /* CompleteToDoViewController.swift */ = {isa = PBXFileReference; lastKnownFileType = sourcecode.swift; path = CompleteToDoViewController.swift; sourceTree = "<group>"; };
/* End PBXFileReference section */

/* Begin PBXFrameworksBuildPhase section */
		6363B69D288618B100913C56 /* Frameworks */ = {
			isa = PBXFrameworksBuildPhase;
			buildActionMask = 2147483647;
			files = (
			);
			runOnlyForDeploymentPostprocessing = 0;
		};
/* End PBXFrameworksBuildPhase section */

/* Begin PBXGroup section */
		6363B697288618B100913C56 = {
			isa = PBXGroup;
			children = (
				6363B6A2288618B100913C56 /* todolistapp */,
				6363B6A1288618B100913C56 /* Products */,
			);
			sourceTree = "<group>";
		};
		6363B6A1288618B100913C56 /* Products */ = {
			isa = PBXGroup;
			children = (
				6363B6A0288618B100913C56 /* todolistapp.app */,
			);
			name = Products;
			sourceTree = "<group>";
		};
		6363B6A2288618B100913C56 /* todolistapp */ = {
			isa = PBXGroup;
			children = (
				6363B6A3288618B100913C56 /* AppDelegate.swift */,
				6363B6A5288618B100913C56 /* SceneDelegate.swift */,
				6363B6A7288618B100913C56 /* ViewController.swift */,
				6363B6A9288618B100913C56 /* Main.storyboard */,
				6363B6C02886289400913C56 /* CompleteToDoViewController.swift */,
				6363B6BE288623A000913C56 /* AddToDoViewController.swift */,
				6363B6AF288618B200913C56 /* Assets.xcassets */,
				6363B6B1288618B200913C56 /* LaunchScreen.storyboard */,
				6363B6B4288618B200913C56 /* Info.plist */,
				6363B6AC288618B100913C56 /* todolistapp.xcdatamodeld */,
				6363B6BA28861A6B00913C56 /* ToDoTableViewController.swift */,
				6363B6BC28861B0200913C56 /* ToDo.swift */,
			);
			path = todolistapp;
			sourceTree = "<group>";
		};
/* End PBXGroup section */

/* Begin PBXNativeTarget section */
		6363B69F288618B100913C56 /* todolistapp */ = {
			isa = PBXNativeTarget;
			buildConfigurationList = 6363B6B7288618B200913C56 /* Build configuration list for PBXNativeTarget "todolistapp" */;
			buildPhases = (
				6363B69C288618B100913C56 /* Sources */,
				6363B69D288618B100913C56 /* Frameworks */,
				6363B69E288618B100913C56 /* Resources */,
			);
			buildRules = (
			);
			dependencies = (
			);
			name = todolistapp;
			productName = todolistapp;
			productReference = 6363B6A0288618B100913C56 /* todolistapp.app */;
			productType = "com.apple.product-type.application";
		};
/* End PBXNativeTarget section */

/* Begin PBXProject section */
		6363B698288618B100913C56 /* Project object */ = {
			isa = PBXProject;
			attributes = {
				BuildIndependentTargetsInParallel = 1;
				LastSwiftUpdateCheck = 1340;
				LastUpgradeCheck = 1340;
				TargetAttributes = {
					6363B69F288618B100913C56 = {
						CreatedOnToolsVersion = 13.4.1;
					};
				};
			};
			buildConfigurationList = 6363B69B288618B100913C56 /* Build configuration list for PBXProject "todolistapp" */;
			compatibilityVersion = "Xcode 13.0";
			developmentRegion = en;
			hasScannedForEncodings = 0;
			knownRegions = (
				en,
				Base,
			);
			mainGroup = 6363B697288618B100913C56;
			productRefGroup = 6363B6A1288618B100913C56 /* Products */;
			projectDirPath = "";
			projectRoot = "";
			targets = (
				6363B69F288618B100913C56 /* todolistapp */,
			);
		};
/* End PBXProject section */

/* Begin PBXResourcesBuildPhase section */
		6363B69E288618B100913C56 /* Resources */ = {
			isa = PBXResourcesBuildPhase;
			buildActionMask = 2147483647;
			files = (
				6363B6B3288618B200913C56 /* LaunchScreen.storyboard in Resources */,
				6363B6B0288618B200913C56 /* Assets.xcassets in Resources */,
				6363B6AB288618B100913C56 /* Main.storyboard in Resources */,
			);
			runOnlyForDeploymentPostprocessing = 0;
		};
/* End PBXResourcesBuildPhase section */

/* Begin PBXSourcesBuildPhase section */
		6363B69C288618B100913C56 /* Sources */ = {
			isa = PBXSourcesBuildPhase;
			buildActionMask = 2147483647;
			files = (
				6363B6A8288618B100913C56 /* ViewController.swift in Sources */,
				6363B6A4288618B100913C56 /* AppDelegate.swift in Sources */,
				6363B6C12886289400913C56 /* CompleteToDoViewController.swift in Sources */,
				6363B6A6288618B100913C56 /* SceneDelegate.swift in Sources */,
				6363B6BD28861B0200913C56 /* ToDo.swift in Sources */,
				6363B6BF288623A000913C56 /* AddToDoViewController.swift in Sources */,
				6363B6AE288618B100913C56 /* todolistapp.xcdatamodeld in Sources */,
				6363B6BB28861A6B00913C56 /* ToDoTableViewController.swift in Sources */,
			);
			runOnlyForDeploymentPostprocessing = 0;
		};
/* End PBXSourcesBuildPhase section */

/* Begin PBXVariantGroup section */
		6363B6A9288618B100913C56 /* Main.storyboard */ = {
			isa = PBXVariantGroup;
			children = (
				6363B6AA288618B100913C56 /* Base */,
			);
			name = Main.storyboard;
			sourceTree = "<group>";
		};
		6363B6B1288618B200913C56 /* LaunchScreen.storyboard */ = {
			isa = PBXVariantGroup;
			children = (
				6363B6B2288618B200913C56 /* Base */,
			);
			name = LaunchScreen.storyboard;
			sourceTree = "<group>";
		};
/* End PBXVariantGroup section */

/* Begin XCBuildConfiguration section */
		6363B6B5288618B200913C56 /* Debug */ = {
			isa = XCBuildConfiguration;
			buildSettings = {
				ALWAYS_SEARCH_USER_PATHS = NO;
				CLANG_ANALYZER_NONNULL = YES;
				CLANG_ANALYZER_NUMBER_OBJECT_CONVERSION = YES_AGGRESSIVE;
				CLANG_CXX_LANGUAGE_STANDARD = "gnu++17";
				CLANG_ENABLE_MODULES = YES;
				CLANG_ENABLE_OBJC_ARC = YES;
				CLANG_ENABLE_OBJC_WEAK = YES;
				CLANG_WARN_BLOCK_CAPTURE_AUTORELEASING = YES;
				CLANG_WARN_BOOL_CONVERSION = YES;
				CLANG_WARN_COMMA = YES;
				CLANG_WARN_CONSTANT_CONVERSION = YES;
				CLANG_WARN_DEPRECATED_OBJC_IMPLEMENTATIONS = YES;
				CLANG_WARN_DIRECT_OBJC_ISA_USAGE = YES_ERROR;
				CLANG_WARN_DOCUMENTATION_COMMENTS = YES;
				CLANG_WARN_EMPTY_BODY = YES;
				CLANG_WARN_ENUM_CONVERSION = YES;
				CLANG_WARN_INFINITE_RECURSION = YES;
				CLANG_WARN_INT_CONVERSION = YES;
				CLANG_WARN_NON_LITERAL_NULL_CONVERSION = YES;
				CLANG_WARN_OBJC_IMPLICIT_RETAIN_SELF = YES;
				CLANG_WARN_OBJC_LITERAL_CONVERSION = YES;
				CLANG_WARN_OBJC_ROOT_CLASS = YES_ERROR;
				CLANG_WARN_QUOTED_INCLUDE_IN_FRAMEWORK_HEADER = YES;
				CLANG_WARN_RANGE_LOOP_ANALYSIS = YES;
				CLANG_WARN_STRICT_PROTOTYPES = YES;
				CLANG_WARN_SUSPICIOUS_MOVE = YES;
				CLANG_WARN_UNGUARDED_AVAILABILITY = YES_AGGRESSIVE;
				CLANG_WARN_UNREACHABLE_CODE = YES;
				CLANG_WARN__DUPLICATE_METHOD_MATCH = YES;
				COPY_PHASE_STRIP = NO;
				DEBUG_INFORMATION_FORMAT = dwarf;
				ENABLE_STRICT_OBJC_MSGSEND = YES;
				ENABLE_TESTABILITY = YES;
				GCC_C_LANGUAGE_STANDARD = gnu11;
				GCC_DYNAMIC_NO_PIC = NO;
				GCC_NO_COMMON_BLOCKS = YES;
				GCC_OPTIMIZATION_LEVEL = 0;
				GCC_PREPROCESSOR_DEFINITIONS = (
					"DEBUG=1",
					"$(inherited)",
				);
				GCC_WARN_64_TO_32_BIT_CONVERSION = YES;
				GCC_WARN_ABOUT_RETURN_TYPE = YES_ERROR;
				GCC_WARN_UNDECLARED_SELECTOR = YES;
				GCC_WARN_UNINITIALIZED_AUTOS = YES_AGGRESSIVE;
				GCC_WARN_UNUSED_FUNCTION = YES;
				GCC_WARN_UNUSED_VARIABLE = YES;
				IPHONEOS_DEPLOYMENT_TARGET = 15.5;
				MTL_ENABLE_DEBUG_INFO = INCLUDE_SOURCE;
				MTL_FAST_MATH = YES;
				ONLY_ACTIVE_ARCH = YES;
				SDKROOT = iphoneos;
				SWIFT_ACTIVE_COMPILATION_CONDITIONS = DEBUG;
				SWIFT_OPTIMIZATION_LEVEL = "-Onone";
			};
			name = Debug;
		};
		6363B6B6288618B200913C56 /* Release */ = {
			isa = XCBuildConfiguration;
			buildSettings = {
				ALWAYS_SEARCH_USER_PATHS = NO;
				CLANG_ANALYZER_NONNULL = YES;
				CLANG_ANALYZER_NUMBER_OBJECT_CONVERSION = YES_AGGRESSIVE;
				CLANG_CXX_LANGUAGE_STANDARD = "gnu++17";
				CLANG_ENABLE_MODULES = YES;
				CLANG_ENABLE_OBJC_ARC = YES;
				CLANG_ENABLE_OBJC_WEAK = YES;
				CLANG_WARN_BLOCK_CAPTURE_AUTORELEASING = YES;
				CLANG_WARN_BOOL_CONVERSION = YES;
				CLANG_WARN_COMMA = YES;
				CLANG_WARN_CONSTANT_CONVERSION = YES;
				CLANG_WARN_DEPRECATED_OBJC_IMPLEMENTATIONS = YES;
				CLANG_WARN_DIRECT_OBJC_ISA_USAGE = YES_ERROR;
				CLANG_WARN_DOCUMENTATION_COMMENTS = YES;
				CLANG_WARN_EMPTY_BODY = YES;
				CLANG_WARN_ENUM_CONVERSION = YES;
				CLANG_WARN_INFINITE_RECURSION = YES;
				CLANG_WARN_INT_CONVERSION = YES;
				CLANG_WARN_NON_LITERAL_NULL_CONVERSION = YES;
				CLANG_WARN_OBJC_IMPLICIT_RETAIN_SELF = YES;
				CLANG_WARN_OBJC_LITERAL_CONVERSION = YES;
				CLANG_WARN_OBJC_ROOT_CLASS = YES_ERROR;
				CLANG_WARN_QUOTED_INCLUDE_IN_FRAMEWORK_HEADER = YES;
				CLANG_WARN_RANGE_LOOP_ANALYSIS = YES;
				CLANG_WARN_STRICT_PROTOTYPES = YES;
				CLANG_WARN_SUSPICIOUS_MOVE = YES;
				CLANG_WARN_UNGUARDED_AVAILABILITY = YES_AGGRESSIVE;
				CLANG_WARN_UNREACHABLE_CODE = YES;
				CLANG_WARN__DUPLICATE_METHOD_MATCH = YES;
				COPY_PHASE_STRIP = NO;
				DEBUG_INFORMATION_FORMAT = "dwarf-with-dsym";
				ENABLE_NS_ASSERTIONS = NO;
				ENABLE_STRICT_OBJC_MSGSEND = YES;
				GCC_C_LANGUAGE_STANDARD = gnu11;
				GCC_NO_COMMON_BLOCKS = YES;
				GCC_WARN_64_TO_32_BIT_CONVERSION = YES;
				GCC_WARN_ABOUT_RETURN_TYPE = YES_ERROR;
				GCC_WARN_UNDECLARED_SELECTOR = YES;
				GCC_WARN_UNINITIALIZED_AUTOS = YES_AGGRESSIVE;
				GCC_WARN_UNUSED_FUNCTION = YES;
				GCC_WARN_UNUSED_VARIABLE = YES;
				IPHONEOS_DEPLOYMENT_TARGET = 15.5;
				MTL_ENABLE_DEBUG_INFO = NO;
				MTL_FAST_MATH = YES;
				SDKROOT = iphoneos;
				SWIFT_COMPILATION_MODE = wholemodule;
				SWIFT_OPTIMIZATION_LEVEL = "-O";
				VALIDATE_PRODUCT = YES;
			};
			name = Release;
		};
		6363B6B8288618B200913C56 /* Debug */ = {
			isa = XCBuildConfiguration;
			buildSettings = {
				ASSETCATALOG_COMPILER_APPICON_NAME = AppIcon;
				ASSETCATALOG_COMPILER_GLOBAL_ACCENT_COLOR_NAME = AccentColor;
				CODE_SIGN_STYLE = Automatic;
				CURRENT_PROJECT_VERSION = 1;
				DEVELOPMENT_TEAM = 75C44XAGQ7;
				GENERATE_INFOPLIST_FILE = YES;
				INFOPLIST_FILE = todolistapp/Info.plist;
				INFOPLIST_KEY_UIApplicationSupportsIndirectInputEvents = YES;
				INFOPLIST_KEY_UILaunchStoryboardName = LaunchScreen;
				INFOPLIST_KEY_UIMainStoryboardFile = Main;
				INFOPLIST_KEY_UISupportedInterfaceOrientations_iPad = "UIInterfaceOrientationPortrait UIInterfaceOrientationPortraitUpsideDown UIInterfaceOrientationLandscapeLeft UIInterfaceOrientationLandscapeRight";
				INFOPLIST_KEY_UISupportedInterfaceOrientations_iPhone = "UIInterfaceOrientationPortrait UIInterfaceOrientationLandscapeLeft UIInterfaceOrientationLandscapeRight";
				LD_RUNPATH_SEARCH_PATHS = (
					"$(inherited)",
					"@executable_path/Frameworks",
				);
				MARKETING_VERSION = 1.0;
				PRODUCT_BUNDLE_IDENTIFIER = KWK3.3.todolistapp;
				PRODUCT_NAME = "$(TARGET_NAME)";
				SWIFT_EMIT_LOC_STRINGS = YES;
				SWIFT_VERSION = 5.0;
				TARGETED_DEVICE_FAMILY = "1,2";
			};
			name = Debug;
		};
		6363B6B9288618B200913C56 /* Release */ = {
			isa = XCBuildConfiguration;
			buildSettings = {
				ASSETCATALOG_COMPILER_APPICON_NAME = AppIcon;
				ASSETCATALOG_COMPILER_GLOBAL_ACCENT_COLOR_NAME = AccentColor;
				CODE_SIGN_STYLE = Automatic;
				CURRENT_PROJECT_VERSION = 1;
				DEVELOPMENT_TEAM = 75C44XAGQ7;
				GENERATE_INFOPLIST_FILE = YES;
				INFOPLIST_FILE = todolistapp/Info.plist;
				INFOPLIST_KEY_UIApplicationSupportsIndirectInputEvents = YES;
				INFOPLIST_KEY_UILaunchStoryboardName = LaunchScreen;
				INFOPLIST_KEY_UIMainStoryboardFile = Main;
				INFOPLIST_KEY_UISupportedInterfaceOrientations_iPad = "UIInterfaceOrientationPortrait UIInterfaceOrientationPortraitUpsideDown UIInterfaceOrientationLandscapeLeft UIInterfaceOrientationLandscapeRight";
				INFOPLIST_KEY_UISupportedInterfaceOrientations_iPhone = "UIInterfaceOrientationPortrait UIInterfaceOrientationLandscapeLeft UIInterfaceOrientationLandscapeRight";
				LD_RUNPATH_SEARCH_PATHS = (
					"$(inherited)",
					"@executable_path/Frameworks",
				);
				MARKETING_VERSION = 1.0;
				PRODUCT_BUNDLE_IDENTIFIER = KWK3.3.todolistapp;
				PRODUCT_NAME = "$(TARGET_NAME)";
				SWIFT_EMIT_LOC_STRINGS = YES;
				SWIFT_VERSION = 5.0;
				TARGETED_DEVICE_FAMILY = "1,2";
			};
			name = Release;
		};
/* End XCBuildConfiguration section */

/* Begin XCConfigurationList section */
		6363B69B288618B100913C56 /* Build configuration list for PBXProject "todolistapp" */ = {
			isa = XCConfigurationList;
			buildConfigurations = (
				6363B6B5288618B200913C56 /* Debug */,
				6363B6B6288618B200913C56 /* Release */,
			);
			defaultConfigurationIsVisible = 0;
			defaultConfigurationName = Release;
		};
		6363B6B7288618B200913C56 /* Build configuration list for PBXNativeTarget "todolistapp" */ = {
			isa = XCConfigurationList;
			buildConfigurations = (
				6363B6B8288618B200913C56 /* Debug */,
				6363B6B9288618B200913C56 /* Release */,
			);
			defaultConfigurationIsVisible = 0;
			defaultConfigurationName = Release;
		};
/* End XCConfigurationList section */

/* Begin XCVersionGroup section */
		6363B6AC288618B100913C56 /* todolistapp.xcdatamodeld */ = {
			isa = XCVersionGroup;
			children = (
				6363B6AD288618B100913C56 /* todolistapp.xcdatamodel */,
			);
			currentVersion = 6363B6AD288618B100913C56 /* todolistapp.xcdatamodel */;
			path = todolistapp.xcdatamodeld;
			sourceTree = "<group>";
			versionGroupType = wrapper.xcdatamodel;
		};
/* End XCVersionGroup section */
	};
	rootObject = 6363B698288618B100913C56 /* Project object */;
}
